// !$*UTF8*$!
{
	archiveVersion = 1;
	classes = {
	};
	objectVersion = 46;
	objects = {

/* Begin PBXBuildFile section */
		908B546C1F0721480071AE72 /* AppDelegate.swift in Sources */ = {isa = PBXBuildFile; fileRef = 908B546B1F0721480071AE72 /* AppDelegate.swift */; };
		908B546E1F0721480071AE72 /* ViewController.swift in Sources */ = {isa = PBXBuildFile; fileRef = 908B546D1F0721480071AE72 /* ViewController.swift */; };
		908B54711F0721480071AE72 /* Main.storyboard in Resources */ = {isa = PBXBuildFile; fileRef = 908B546F1F0721480071AE72 /* Main.storyboard */; };
		908B54741F0721480071AE72 /* Person_UI.xcdatamodeld in Sources */ = {isa = PBXBuildFile; fileRef = 908B54721F0721480071AE72 /* Person_UI.xcdatamodeld */; };
		908B54761F0721480071AE72 /* Assets.xcassets in Resources */ = {isa = PBXBuildFile; fileRef = 908B54751F0721480071AE72 /* Assets.xcassets */; };
		908B54791F0721480071AE72 /* LaunchScreen.storyboard in Resources */ = {isa = PBXBuildFile; fileRef = 908B54771F0721480071AE72 /* LaunchScreen.storyboard */; };
		908B54841F0721480071AE72 /* Person_UITests.swift in Sources */ = {isa = PBXBuildFile; fileRef = 908B54831F0721480071AE72 /* Person_UITests.swift */; };
		908B548F1F0721480071AE72 /* Person_UIUITests.swift in Sources */ = {isa = PBXBuildFile; fileRef = 908B548E1F0721480071AE72 /* Person_UIUITests.swift */; };
/* End PBXBuildFile section */

/* Begin PBXContainerItemProxy section */
		908B54801F0721480071AE72 /* PBXContainerItemProxy */ = {
			isa = PBXContainerItemProxy;
			containerPortal = 908B54601F0721480071AE72 /* Project object */;
			proxyType = 1;
			remoteGlobalIDString = 908B54671F0721480071AE72;
			remoteInfo = "Person UI";
		};
		908B548B1F0721480071AE72 /* PBXContainerItemProxy */ = {
			isa = PBXContainerItemProxy;
			containerPortal = 908B54601F0721480071AE72 /* Project object */;
			proxyType = 1;
			remoteGlobalIDString = 908B54671F0721480071AE72;
			remoteInfo = "Person UI";
		};
/* End PBXContainerItemProxy section */

/* Begin PBXFileReference section */
		908B54681F0721480071AE72 /* Person UI.app */ = {isa = PBXFileReference; explicitFileType = wrapper.application; includeInIndex = 0; path = "Person UI.app"; sourceTree = BUILT_PRODUCTS_DIR; };
		908B546B1F0721480071AE72 /* AppDelegate.swift */ = {isa = PBXFileReference; lastKnownFileType = sourcecode.swift; path = AppDelegate.swift; sourceTree = "<group>"; };
		908B546D1F0721480071AE72 /* ViewController.swift */ = {isa = PBXFileReference; lastKnownFileType = sourcecode.swift; path = ViewController.swift; sourceTree = "<group>"; };
		908B54701F0721480071AE72 /* Base */ = {isa = PBXFileReference; lastKnownFileType = file.storyboard; name = Base; path = Base.lproj/Main.storyboard; sourceTree = "<group>"; };
		908B54731F0721480071AE72 /* Person_UI.xcdatamodel */ = {isa = PBXFileReference; lastKnownFileType = wrapper.xcdatamodel; path = Person_UI.xcdatamodel; sourceTree = "<group>"; };
		908B54751F0721480071AE72 /* Assets.xcassets */ = {isa = PBXFileReference; lastKnownFileType = folder.assetcatalog; path = Assets.xcassets; sourceTree = "<group>"; };
		908B54781F0721480071AE72 /* Base */ = {isa = PBXFileReference; lastKnownFileType = file.storyboard; name = Base; path = Base.lproj/LaunchScreen.storyboard; sourceTree = "<group>"; };
		908B547A1F0721480071AE72 /* Info.plist */ = {isa = PBXFileReference; lastKnownFileType = text.plist.xml; path = Info.plist; sourceTree = "<group>"; };
		908B547F1F0721480071AE72 /* Person UITests.xctest */ = {isa = PBXFileReference; explicitFileType = wrapper.cfbundle; includeInIndex = 0; path = "Person UITests.xctest"; sourceTree = BUILT_PRODUCTS_DIR; };
		908B54831F0721480071AE72 /* Person_UITests.swift */ = {isa = PBXFileReference; lastKnownFileType = sourcecode.swift; path = Person_UITests.swift; sourceTree = "<group>"; };
		908B54851F0721480071AE72 /* Info.plist */ = {isa = PBXFileReference; lastKnownFileType = text.plist.xml; path = Info.plist; sourceTree = "<group>"; };
		908B548A1F0721480071AE72 /* Person UIUITests.xctest */ = {isa = PBXFileReference; explicitFileType = wrapper.cfbundle; includeInIndex = 0; path = "Person UIUITests.xctest"; sourceTree = BUILT_PRODUCTS_DIR; };
		908B548E1F0721480071AE72 /* Person_UIUITests.swift */ = {isa = PBXFileReference; lastKnownFileType = sourcecode.swift; path = Person_UIUITests.swift; sourceTree = "<group>"; };
		908B54901F0721480071AE72 /* Info.plist */ = {isa = PBXFileReference; lastKnownFileType = text.plist.xml; path = Info.plist; sourceTree = "<group>"; };
/* End PBXFileReference section */

/* Begin PBXFrameworksBuildPhase section */
		908B54651F0721480071AE72 /* Frameworks */ = {
			isa = PBXFrameworksBuildPhase;
			buildActionMask = 2147483647;
			files = (
			);
			runOnlyForDeploymentPostprocessing = 0;
		};
		908B547C1F0721480071AE72 /* Frameworks */ = {
			isa = PBXFrameworksBuildPhase;
			buildActionMask = 2147483647;
			files = (
			);
			runOnlyForDeploymentPostprocessing = 0;
		};
		908B54871F0721480071AE72 /* Frameworks */ = {
			isa = PBXFrameworksBuildPhase;
			buildActionMask = 2147483647;
			files = (
			);
			runOnlyForDeploymentPostprocessing = 0;
		};
/* End PBXFrameworksBuildPhase section */

/* Begin PBXGroup section */
		908B545F1F0721480071AE72 = {
			isa = PBXGroup;
			children = (
				908B546A1F0721480071AE72 /* Person UI */,
				908B54821F0721480071AE72 /* Person UITests */,
				908B548D1F0721480071AE72 /* Person UIUITests */,
				908B54691F0721480071AE72 /* Products */,
			);
			sourceTree = "<group>";
		};
		908B54691F0721480071AE72 /* Products */ = {
			isa = PBXGroup;
			children = (
				908B54681F0721480071AE72 /* Person UI.app */,
				908B547F1F0721480071AE72 /* Person UITests.xctest */,
				908B548A1F0721480071AE72 /* Person UIUITests.xctest */,
			);
			name = Products;
			sourceTree = "<group>";
		};
		908B546A1F0721480071AE72 /* Person UI */ = {
			isa = PBXGroup;
			children = (
				908B546B1F0721480071AE72 /* AppDelegate.swift */,
				908B546D1F0721480071AE72 /* ViewController.swift */,
				908B546F1F0721480071AE72 /* Main.storyboard */,
				908B54751F0721480071AE72 /* Assets.xcassets */,
				908B54771F0721480071AE72 /* LaunchScreen.storyboard */,
				908B547A1F0721480071AE72 /* Info.plist */,
				908B54721F0721480071AE72 /* Person_UI.xcdatamodeld */,
			);
			path = "Person UI";
			sourceTree = "<group>";
		};
		908B54821F0721480071AE72 /* Person UITests */ = {
			isa = PBXGroup;
			children = (
				908B54831F0721480071AE72 /* Person_UITests.swift */,
				908B54851F0721480071AE72 /* Info.plist */,
			);
			path = "Person UITests";
			sourceTree = "<group>";
		};
		908B548D1F0721480071AE72 /* Person UIUITests */ = {
			isa = PBXGroup;
			children = (
				908B548E1F0721480071AE72 /* Person_UIUITests.swift */,
				908B54901F0721480071AE72 /* Info.plist */,
			);
			path = "Person UIUITests";
			sourceTree = "<group>";
		};
/* End PBXGroup section */

/* Begin PBXNativeTarget section */
		908B54671F0721480071AE72 /* Person UI */ = {
			isa = PBXNativeTarget;
			buildConfigurationList = 908B54931F0721480071AE72 /* Build configuration list for PBXNativeTarget "Person UI" */;
			buildPhases = (
				908B54641F0721480071AE72 /* Sources */,
				908B54651F0721480071AE72 /* Frameworks */,
				908B54661F0721480071AE72 /* Resources */,
			);
			buildRules = (
			);
			dependencies = (
			);
			name = "Person UI";
			productName = "Person UI";
			productReference = 908B54681F0721480071AE72 /* Person UI.app */;
			productType = "com.apple.product-type.application";
		};
		908B547E1F0721480071AE72 /* Person UITests */ = {
			isa = PBXNativeTarget;
			buildConfigurationList = 908B54961F0721480071AE72 /* Build configuration list for PBXNativeTarget "Person UITests" */;
			buildPhases = (
				908B547B1F0721480071AE72 /* Sources */,
				908B547C1F0721480071AE72 /* Frameworks */,
				908B547D1F0721480071AE72 /* Resources */,
			);
			buildRules = (
			);
			dependencies = (
				908B54811F0721480071AE72 /* PBXTargetDependency */,
			);
			name = "Person UITests";
			productName = "Person UITests";
			productReference = 908B547F1F0721480071AE72 /* Person UITests.xctest */;
			productType = "com.apple.product-type.bundle.unit-test";
		};
		908B54891F0721480071AE72 /* Person UIUITests */ = {
			isa = PBXNativeTarget;
			buildConfigurationList = 908B54991F0721480071AE72 /* Build configuration list for PBXNativeTarget "Person UIUITests" */;
			buildPhases = (
				908B54861F0721480071AE72 /* Sources */,
				908B54871F0721480071AE72 /* Frameworks */,
				908B54881F0721480071AE72 /* Resources */,
			);
			buildRules = (
			);
			dependencies = (
				908B548C1F0721480071AE72 /* PBXTargetDependency */,
			);
			name = "Person UIUITests";
			productName = "Person UIUITests";
			productReference = 908B548A1F0721480071AE72 /* Person UIUITests.xctest */;
			productType = "com.apple.product-type.bundle.ui-testing";
		};
/* End PBXNativeTarget section */

/* Begin PBXProject section */
		908B54601F0721480071AE72 /* Project object */ = {
			isa = PBXProject;
			attributes = {
				LastSwiftUpdateCheck = 0830;
				LastUpgradeCheck = 0830;
				ORGANIZATIONNAME = "Ryan Jones";
				TargetAttributes = {
					908B54671F0721480071AE72 = {
						CreatedOnToolsVersion = 8.3.3;
						ProvisioningStyle = Automatic;
					};
					908B547E1F0721480071AE72 = {
						CreatedOnToolsVersion = 8.3.3;
						ProvisioningStyle = Automatic;
						TestTargetID = 908B54671F0721480071AE72;
					};
					908B54891F0721480071AE72 = {
						CreatedOnToolsVersion = 8.3.3;
						ProvisioningStyle = Automatic;
						TestTargetID = 908B54671F0721480071AE72;
					};
				};
			};
			buildConfigurationList = 908B54631F0721480071AE72 /* Build configuration list for PBXProject "Person UI" */;
			compatibilityVersion = "Xcode 3.2";
			developmentRegion = English;
			hasScannedForEncodings = 0;
			knownRegions = (
				en,
				Base,
			);
			mainGroup = 908B545F1F0721480071AE72;
			productRefGroup = 908B54691F0721480071AE72 /* Products */;
			projectDirPath = "";
			projectRoot = "";
			targets = (
				908B54671F0721480071AE72 /* Person UI */,
				908B547E1F0721480071AE72 /* Person UITests */,
				908B54891F0721480071AE72 /* Person UIUITests */,
			);
		};
/* End PBXProject section */

/* Begin PBXResourcesBuildPhase section */
		908B54661F0721480071AE72 /* Resources */ = {
			isa = PBXResourcesBuildPhase;
			buildActionMask = 2147483647;
			files = (
				908B54791F0721480071AE72 /* LaunchScreen.storyboard in Resources */,
				908B54761F0721480071AE72 /* Assets.xcassets in Resources */,
				908B54711F0721480071AE72 /* Main.storyboard in Resources */,
			);
			runOnlyForDeploymentPostprocessing = 0;
		};
		908B547D1F0721480071AE72 /* Resources */ = {
			isa = PBXResourcesBuildPhase;
			buildActionMask = 2147483647;
			files = (
			);
			runOnlyForDeploymentPostprocessing = 0;
		};
		908B54881F0721480071AE72 /* Resources */ = {
			isa = PBXResourcesBuildPhase;
			buildActionMask = 2147483647;
			files = (
			);
			runOnlyForDeploymentPostprocessing = 0;
		};
/* End PBXResourcesBuildPhase section */

/* Begin PBXSourcesBuildPhase section */
		908B54641F0721480071AE72 /* Sources */ = {
			isa = PBXSourcesBuildPhase;
			buildActionMask = 2147483647;
			files = (
				908B54741F0721480071AE72 /* Person_UI.xcdatamodeld in Sources */,
				908B546E1F0721480071AE72 /* ViewController.swift in Sources */,
				908B546C1F0721480071AE72 /* AppDelegate.swift in Sources */,
			);
			runOnlyForDeploymentPostprocessing = 0;
		};
		908B547B1F0721480071AE72 /* Sources */ = {
			isa = PBXSourcesBuildPhase;
			buildActionMask = 2147483647;
			files = (
				908B54841F0721480071AE72 /* Person_UITests.swift in Sources */,
			);
			runOnlyForDeploymentPostprocessing = 0;
		};
		908B54861F0721480071AE72 /* Sources */ = {
			isa = PBXSourcesBuildPhase;
			buildActionMask = 2147483647;
			files = (
				908B548F1F0721480071AE72 /* Person_UIUITests.swift in Sources */,
			);
			runOnlyForDeploymentPostprocessing = 0;
		};
/* End PBXSourcesBuildPhase section */

/* Begin PBXTargetDependency section */
		908B54811F0721480071AE72 /* PBXTargetDependency */ = {
			isa = PBXTargetDependency;
			target = 908B54671F0721480071AE72 /* Person UI */;
			targetProxy = 908B54801F0721480071AE72 /* PBXContainerItemProxy */;
		};
		908B548C1F0721480071AE72 /* PBXTargetDependency */ = {
			isa = PBXTargetDependency;
			target = 908B54671F0721480071AE72 /* Person UI */;
			targetProxy = 908B548B1F0721480071AE72 /* PBXContainerItemProxy */;
		};
/* End PBXTargetDependency section */

/* Begin PBXVariantGroup section */
		908B546F1F0721480071AE72 /* Main.storyboard */ = {
			isa = PBXVariantGroup;
			children = (
				908B54701F0721480071AE72 /* Base */,
			);
			name = Main.storyboard;
			sourceTree = "<group>";
		};
		908B54771F0721480071AE72 /* LaunchScreen.storyboard */ = {
			isa = PBXVariantGroup;
			children = (
				908B54781F0721480071AE72 /* Base */,
			);
			name = LaunchScreen.storyboard;
			sourceTree = "<group>";
		};
/* End PBXVariantGroup section */

/* Begin XCBuildConfiguration section */
		908B54911F0721480071AE72 /* Debug */ = {
			isa = XCBuildConfiguration;
			buildSettings = {
				ALWAYS_SEARCH_USER_PATHS = NO;
				CLANG_ANALYZER_NONNULL = YES;
				CLANG_ANALYZER_NUMBER_OBJECT_CONVERSION = YES_AGGRESSIVE;
				CLANG_CXX_LANGUAGE_STANDARD = "gnu++0x";
				CLANG_CXX_LIBRARY = "libc++";
				CLANG_ENABLE_MODULES = YES;
				CLANG_ENABLE_OBJC_ARC = YES;
				CLANG_WARN_BOOL_CONVERSION = YES;
				CLANG_WARN_CONSTANT_CONVERSION = YES;
				CLANG_WARN_DIRECT_OBJC_ISA_USAGE = YES_ERROR;
				CLANG_WARN_DOCUMENTATION_COMMENTS = YES;
				CLANG_WARN_EMPTY_BODY = YES;
				CLANG_WARN_ENUM_CONVERSION = YES;
				CLANG_WARN_INFINITE_RECURSION = YES;
				CLANG_WARN_INT_CONVERSION = YES;
				CLANG_WARN_OBJC_ROOT_CLASS = YES_ERROR;
				CLANG_WARN_SUSPICIOUS_MOVE = YES;
				CLANG_WARN_UNREACHABLE_CODE = YES;
				CLANG_WARN__DUPLICATE_METHOD_MATCH = YES;
				"CODE_SIGN_IDENTITY[sdk=iphoneos*]" = "iPhone Developer";
				COPY_PHASE_STRIP = NO;
				DEBUG_INFORMATION_FORMAT = dwarf;
				ENABLE_STRICT_OBJC_MSGSEND = YES;
				ENABLE_TESTABILITY = YES;
				GCC_C_LANGUAGE_STANDARD = gnu99;
				GCC_DYNAMIC_NO_PIC = NO;
				GCC_NO_COMMON_BLOCKS = YES;
				GCC_OPTIMIZATION_LEVEL = 0;
				GCC_PREPROCESSOR_DEFINITIONS = (
					"DEBUG=1",
					"$(inherited)",
				);
				GCC_WARN_64_TO_32_BIT_CONVERSION = YES;
				GCC_WARN_ABOUT_RETURN_TYPE = YES_ERROR;
				GCC_WARN_UNDECLARED_SELECTOR = YES;
				GCC_WARN_UNINITIALIZED_AUTOS = YES_AGGRESSIVE;
				GCC_WARN_UNUSED_FUNCTION = YES;
				GCC_WARN_UNUSED_VARIABLE = YES;
				IPHONEOS_DEPLOYMENT_TARGET = 10.3;
				MTL_ENABLE_DEBUG_INFO = YES;
				ONLY_ACTIVE_ARCH = YES;
				SDKROOT = iphoneos;
				SWIFT_ACTIVE_COMPILATION_CONDITIONS = DEBUG;
				SWIFT_OPTIMIZATION_LEVEL = "-Onone";
				TARGETED_DEVICE_FAMILY = "1,2";
			};
			name = Debug;
		};
		908B54921F0721480071AE72 /* Release */ = {
			isa = XCBuildConfiguration;
			buildSettings = {
				ALWAYS_SEARCH_USER_PATHS = NO;
				CLANG_ANALYZER_NONNULL = YES;
				CLANG_ANALYZER_NUMBER_OBJECT_CONVERSION = YES_AGGRESSIVE;
				CLANG_CXX_LANGUAGE_STANDARD = "gnu++0x";
				CLANG_CXX_LIBRARY = "libc++";
				CLANG_ENABLE_MODULES = YES;
				CLANG_ENABLE_OBJC_ARC = YES;
				CLANG_WARN_BOOL_CONVERSION = YES;
				CLANG_WARN_CONSTANT_CONVERSION = YES;
				CLANG_WARN_DIRECT_OBJC_ISA_USAGE = YES_ERROR;
				CLANG_WARN_DOCUMENTATION_COMMENTS = YES;
				CLANG_WARN_EMPTY_BODY = YES;
				CLANG_WARN_ENUM_CONVERSION = YES;
				CLANG_WARN_INFINITE_RECURSION = YES;
				CLANG_WARN_INT_CONVERSION = YES;
				CLANG_WARN_OBJC_ROOT_CLASS = YES_ERROR;
				CLANG_WARN_SUSPICIOUS_MOVE = YES;
				CLANG_WARN_UNREACHABLE_CODE = YES;
				CLANG_WARN__DUPLICATE_METHOD_MATCH = YES;
				"CODE_SIGN_IDENTITY[sdk=iphoneos*]" = "iPhone Developer";
				COPY_PHASE_STRIP = NO;
				DEBUG_INFORMATION_FORMAT = "dwarf-with-dsym";
				ENABLE_NS_ASSERTIONS = NO;
				ENABLE_STRICT_OBJC_MSGSEND = YES;
				GCC_C_LANGUAGE_STANDARD = gnu99;
				GCC_NO_COMMON_BLOCKS = YES;
				GCC_WARN_64_TO_32_BIT_CONVERSION = YES;
				GCC_WARN_ABOUT_RETURN_TYPE = YES_ERROR;
				GCC_WARN_UNDECLARED_SELECTOR = YES;
				GCC_WARN_UNINITIALIZED_AUTOS = YES_AGGRESSIVE;
				GCC_WARN_UNUSED_FUNCTION = YES;
				GCC_WARN_UNUSED_VARIABLE = YES;
				IPHONEOS_DEPLOYMENT_TARGET = 10.3;
				MTL_ENABLE_DEBUG_INFO = NO;
				SDKROOT = iphoneos;
				SWIFT_OPTIMIZATION_LEVEL = "-Owholemodule";
				TARGETED_DEVICE_FAMILY = "1,2";
				VALIDATE_PRODUCT = YES;
			};
			name = Release;
		};
		908B54941F0721480071AE72 /* Debug */ = {
			isa = XCBuildConfiguration;
			buildSettings = {
				ASSETCATALOG_COMPILER_APPICON_NAME = AppIcon;
				INFOPLIST_FILE = "Person UI/Info.plist";
				LD_RUNPATH_SEARCH_PATHS = "$(inherited) @executable_path/Frameworks";
				PRODUCT_BUNDLE_IDENTIFIER = "edu.missouri.Person-UI";
				PRODUCT_NAME = "$(TARGET_NAME)";
				SWIFT_VERSION = 3.0;
			};
			name = Debug;
		};
		908B54951F0721480071AE72 /* Release */ = {
			isa = XCBuildConfiguration;
			buildSettings = {
				ASSETCATALOG_COMPILER_APPICON_NAME = AppIcon;
				INFOPLIST_FILE = "Person UI/Info.plist";
				LD_RUNPATH_SEARCH_PATHS = "$(inherited) @executable_path/Frameworks";
				PRODUCT_BUNDLE_IDENTIFIER = "edu.missouri.Person-UI";
				PRODUCT_NAME = "$(TARGET_NAME)";
				SWIFT_VERSION = 3.0;
			};
			name = Release;
		};
		908B54971F0721480071AE72 /* Debug */ = {
			isa = XCBuildConfiguration;
			buildSettings = {
				ALWAYS_EMBED_SWIFT_STANDARD_LIBRARIES = YES;
				BUNDLE_LOADER = "$(TEST_HOST)";
				INFOPLIST_FILE = "Person UITests/Info.plist";
				LD_RUNPATH_SEARCH_PATHS = "$(inherited) @executable_path/Frameworks @loader_path/Frameworks";
				PRODUCT_BUNDLE_IDENTIFIER = "edu.missouri.Person-UITests";
				PRODUCT_NAME = "$(TARGET_NAME)";
				SWIFT_VERSION = 3.0;
				TEST_HOST = "$(BUILT_PRODUCTS_DIR)/Person UI.app/Person UI";
			};
			name = Debug;
		};
		908B54981F0721480071AE72 /* Release */ = {
			isa = XCBuildConfiguration;
			buildSettings = {
				ALWAYS_EMBED_SWIFT_STANDARD_LIBRARIES = YES;
				BUNDLE_LOADER = "$(TEST_HOST)";
				INFOPLIST_FILE = "Person UITests/Info.plist";
				LD_RUNPATH_SEARCH_PATHS = "$(inherited) @executable_path/Frameworks @loader_path/Frameworks";
				PRODUCT_BUNDLE_IDENTIFIER = "edu.missouri.Person-UITests";
				PRODUCT_NAME = "$(TARGET_NAME)";
				SWIFT_VERSION = 3.0;
				TEST_HOST = "$(BUILT_PRODUCTS_DIR)/Person UI.app/Person UI";
			};
			name = Release;
		};
		908B549A1F0721480071AE72 /* Debug */ = {
			isa = XCBuildConfiguration;
			buildSettings = {
				ALWAYS_EMBED_SWIFT_STANDARD_LIBRARIES = YES;
				INFOPLIST_FILE = "Person UIUITests/Info.plist";
				LD_RUNPATH_SEARCH_PATHS = "$(inherited) @executable_path/Frameworks @loader_path/Frameworks";
				PRODUCT_BUNDLE_IDENTIFIER = "edu.missouri.Person-UIUITests";
				PRODUCT_NAME = "$(TARGET_NAME)";
				SWIFT_VERSION = 3.0;
				TEST_TARGET_NAME = "Person UI";
			};
			name = Debug;
		};
		908B549B1F0721480071AE72 /* Release */ = {
			isa = XCBuildConfiguration;
			buildSettings = {
				ALWAYS_EMBED_SWIFT_STANDARD_LIBRARIES = YES;
				INFOPLIST_FILE = "Person UIUITests/Info.plist";
				LD_RUNPATH_SEARCH_PATHS = "$(inherited) @executable_path/Frameworks @loader_path/Frameworks";
				PRODUCT_BUNDLE_IDENTIFIER = "edu.missouri.Person-UIUITests";
				PRODUCT_NAME = "$(TARGET_NAME)";
				SWIFT_VERSION = 3.0;
				TEST_TARGET_NAME = "Person UI";
			};
			name = Release;
		};
/* End XCBuildConfiguration section */

/* Begin XCConfigurationList section */
		908B54631F0721480071AE72 /* Build configuration list for PBXProject "Person UI" */ = {
			isa = XCConfigurationList;
			buildConfigurations = (
				908B54911F0721480071AE72 /* Debug */,
				908B54921F0721480071AE72 /* Release */,
			);
			defaultConfigurationIsVisible = 0;
			defaultConfigurationName = Release;
		};
		908B54931F0721480071AE72 /* Build configuration list for PBXNativeTarget "Person UI" */ = {
			isa = XCConfigurationList;
			buildConfigurations = (
				908B54941F0721480071AE72 /* Debug */,
				908B54951F0721480071AE72 /* Release */,
			);
			defaultConfigurationIsVisible = 0;
		};
		908B54961F0721480071AE72 /* Build configuration list for PBXNativeTarget "Person UITests" */ = {
			isa = XCConfigurationList;
			buildConfigurations = (
				908B54971F0721480071AE72 /* Debug */,
				908B54981F0721480071AE72 /* Release */,
			);
			defaultConfigurationIsVisible = 0;
		};
		908B54991F0721480071AE72 /* Build configuration list for PBXNativeTarget "Person UIUITests" */ = {
			isa = XCConfigurationList;
			buildConfigurations = (
				908B549A1F0721480071AE72 /* Debug */,
				908B549B1F0721480071AE72 /* Release */,
			);
			defaultConfigurationIsVisible = 0;
		};
/* End XCConfigurationList section */

/* Begin XCVersionGroup section */
		908B54721F0721480071AE72 /* Person_UI.xcdatamodeld */ = {
			isa = XCVersionGroup;
			children = (
				908B54731F0721480071AE72 /* Person_UI.xcdatamodel */,
			);
			currentVersion = 908B54731F0721480071AE72 /* Person_UI.xcdatamodel */;
			path = Person_UI.xcdatamodeld;
			sourceTree = "<group>";
			versionGroupType = wrapper.xcdatamodel;
		};
/* End XCVersionGroup section */
	};
	rootObject = 908B54601F0721480071AE72 /* Project object */;
}
